{
  "name": "cashback",
  "version": "1.0.0",
  "lockfileVersion": 2,
  "requires": true,
  "packages": {
    "": {
      "name": "cashback",
      "version": "1.0.0",
      "license": "ISC",
      "dependencies": {
        "dotenv": "^16.0.3",
        "ton3-contracts": "^0.0.17",
        "ton3-core": "^0.0.19",
        "ton3-providers": "^0.0.9"
      },
      "devDependencies": {
        "@types/node": "^18.11.11",
        "typescript": "^4.9.4"
      }
    },
    "node_modules/@apidevtools/json-schema-ref-parser": {
      "version": "9.1.0",
      "resolved": "https://registry.npmjs.org/@apidevtools/json-schema-ref-parser/-/json-schema-ref-parser-9.1.0.tgz",
      "integrity": "sha512-teB30tFooE3iQs2HQIKJ02D8UZA1Xy1zaczzhUjJs0CymYxeC0g+y5rCY2p8NHBM6DBUVoR8rSM4kHLj1WE9mQ==",
      "dependencies": {
        "@jsdevtools/ono": "^7.1.3",
        "@types/json-schema": "^7.0.6",
        "call-me-maybe": "^1.0.1",
        "js-yaml": "^4.1.0"
      }
    },
    "node_modules/@jsdevtools/ono": {
      "version": "7.1.3",
      "resolved": "https://registry.npmjs.org/@jsdevtools/ono/-/ono-7.1.3.tgz",
      "integrity": "sha512-4JQNk+3mVzK3xh2rqd6RB4J46qUR19azEHBneZyTZM+c456qOrbbM/5xcR8huNCCcbVt7+UmizG6GuUvPvKUYg=="
    },
    "node_modules/@noble/hashes": {
      "version": "1.1.2",
      "resolved": "https://registry.npmjs.org/@noble/hashes/-/hashes-1.1.2.tgz",
      "integrity": "sha512-KYRCASVTv6aeUi1tsF8/vpyR7zpfs3FUzy2Jqm+MU+LmUKhQ0y2FpfwqkCcxSg2ua4GALJd8k2R76WxwZGbQpA==",
      "funding": [
        {
          "type": "individual",
          "url": "https://paulmillr.com/funding/"
        }
      ]
    },
    "node_modules/@types/json-schema": {
      "version": "7.0.11",
      "resolved": "https://registry.npmjs.org/@types/json-schema/-/json-schema-7.0.11.tgz",
      "integrity": "sha512-wOuvG1SN4Us4rez+tylwwwCV1psiNVOkJeM3AUWUNWg/jDQY2+HE/444y5gc+jBmRqASOm2Oeh5c1axHobwRKQ=="
    },
    "node_modules/@types/node": {
      "version": "18.11.11",
      "resolved": "https://registry.npmjs.org/@types/node/-/node-18.11.11.tgz",
      "integrity": "sha512-KJ021B1nlQUBLopzZmPBVuGU9un7WJd/W4ya7Ih02B4Uwky5Nja0yGYav2EfYIk0RR2Q9oVhf60S2XR1BCWJ2g==",
      "dev": true
    },
    "node_modules/argparse": {
      "version": "2.0.1",
      "resolved": "https://registry.npmjs.org/argparse/-/argparse-2.0.1.tgz",
      "integrity": "sha512-8+9WqebbFzpX9OR+Wa6O29asIogeRMzcGtAINdpMHHyAg10f05aSFVBbcEqGf/PXw1EjAZ+q2/bEBg3DvurK3Q=="
    },
    "node_modules/axios": {
      "version": "0.25.0",
      "resolved": "https://registry.npmjs.org/axios/-/axios-0.25.0.tgz",
      "integrity": "sha512-cD8FOb0tRH3uuEe6+evtAbgJtfxr7ly3fQjYcMcuPlgkwVS9xboaVIpcDV+cYQe+yGykgwZCs1pzjntcGa6l5g==",
      "dependencies": {
        "follow-redirects": "^1.14.7"
      }
    },
    "node_modules/bath-es5": {
      "version": "3.0.3",
      "resolved": "https://registry.npmjs.org/bath-es5/-/bath-es5-3.0.3.tgz",
      "integrity": "sha512-PdCioDToH3t84lP40kUFCKWCOCH389Dl1kbC8FGoqOwamxsmqxxnJSXdkTOsPoNHXjem4+sJ+bbNoQm5zeCqxg=="
    },
    "node_modules/call-me-maybe": {
      "version": "1.0.2",
      "resolved": "https://registry.npmjs.org/call-me-maybe/-/call-me-maybe-1.0.2.tgz",
      "integrity": "sha512-HpX65o1Hnr9HH25ojC1YGs7HCQLq0GCOibSaWER0eNpgJ/Z1MZv2mTc7+xh6WOPxbRVcmgbv4hGU+uSQ/2xFZQ=="
    },
    "node_modules/copy-anything": {
      "version": "3.0.3",
      "resolved": "https://registry.npmjs.org/copy-anything/-/copy-anything-3.0.3.tgz",
      "integrity": "sha512-fpW2W/BqEzqPp29QS+MwwfisHCQZtiduTe/m8idFo0xbti9fIZ2WVhAsCv4ggFVH3AgCkVdpoOCtQC6gBrdhjw==",
      "dependencies": {
        "is-what": "^4.1.8"
      },
      "engines": {
        "node": ">=12.13"
      },
      "funding": {
        "url": "https://github.com/sponsors/mesqueeb"
      }
    },
    "node_modules/decimal.js": {
      "version": "10.3.1",
      "resolved": "https://registry.npmjs.org/decimal.js/-/decimal.js-10.3.1.tgz",
      "integrity": "sha512-V0pfhfr8suzyPGOx3nmq4aHqabehUZn6Ch9kyFpV79TGDTWFmHqUqXdabR7QHqxzrYolF4+tVmJhUG4OURg5dQ=="
    },
    "node_modules/dotenv": {
      "version": "16.0.3",
      "resolved": "https://registry.npmjs.org/dotenv/-/dotenv-16.0.3.tgz",
      "integrity": "sha512-7GO6HghkA5fYG9TYnNxi14/7K9f5occMlp3zXAuSxn7CKCxt9xbNWG7yF8hTCSUchlfWSe3uLmlPfigevRItzQ==",
      "engines": {
        "node": ">=12"
      }
    },
    "node_modules/follow-redirects": {
      "version": "1.15.2",
      "resolved": "https://registry.npmjs.org/follow-redirects/-/follow-redirects-1.15.2.tgz",
      "integrity": "sha512-VQLG33o04KaQ8uYi2tVNbdrWp1QWxNNea+nmIB4EVM28v0hmP17z7aG1+wAkNzVq4KeXTq3221ye5qTJP91JwA==",
      "funding": [
        {
          "type": "individual",
          "url": "https://github.com/sponsors/RubenVerborgh"
        }
      ],
      "engines": {
        "node": ">=4.0"
      },
      "peerDependenciesMeta": {
        "debug": {
          "optional": true
        }
      }
    },
    "node_modules/is-what": {
      "version": "4.1.8",
      "resolved": "https://registry.npmjs.org/is-what/-/is-what-4.1.8.tgz",
      "integrity": "sha512-yq8gMao5upkPoGEU9LsB2P+K3Kt8Q3fQFCGyNCWOAnJAMzEXVV9drYb0TXr42TTliLLhKIBvulgAXgtLLnwzGA==",
      "engines": {
        "node": ">=12.13"
      },
      "funding": {
        "url": "https://github.com/sponsors/mesqueeb"
      }
    },
    "node_modules/js-yaml": {
      "version": "4.1.0",
      "resolved": "https://registry.npmjs.org/js-yaml/-/js-yaml-4.1.0.tgz",
      "integrity": "sha512-wpxZs9NoxZaJESJGIZTyDEaYpl0FKSA+FB9aJiyemKhMwkxQg63h4T1KJgUGHpTqPDNRcmmYLugrRjJlBtWvRA==",
      "dependencies": {
        "argparse": "^2.0.1"
      },
      "bin": {
        "js-yaml": "bin/js-yaml.js"
      }
    },
    "node_modules/openapi-client-axios": {
      "version": "5.3.1",
      "resolved": "https://registry.npmjs.org/openapi-client-axios/-/openapi-client-axios-5.3.1.tgz",
      "integrity": "sha512-mQl3P1r58Hl+JKLFy7/L4ImibtajdfxOd/LC7Tr7hYL0icBTBLfF6AktcqO8hl4iNRiIavsDaxyNiQq2zqILGA==",
      "dependencies": {
        "@apidevtools/json-schema-ref-parser": "^9.0.7",
        "bath-es5": "^3.0.3",
        "copy-anything": "^3.0.2",
        "openapi-types": "^12.0.2"
      },
      "peerDependencies": {
        "axios": "^0.25.0",
        "js-yaml": "^4.1.0"
      }
    },
    "node_modules/openapi-types": {
      "version": "12.0.2",
      "resolved": "https://registry.npmjs.org/openapi-types/-/openapi-types-12.0.2.tgz",
      "integrity": "sha512-GuTo7FyZjOIWVhIhQSWJVaws6A82sWIGyQogxxYBYKZ0NBdyP2CYSIgOwFfSB+UVoPExk/YzFpyYitHS8KVZtA=="
    },
    "node_modules/ton3-contracts": {
      "version": "0.0.17",
      "resolved": "https://registry.npmjs.org/ton3-contracts/-/ton3-contracts-0.0.17.tgz",
      "integrity": "sha512-7B3Hgt1TMQGwVjt9/N5r0RuiJWtLkY5NHie62eLtQrsoWIwE5cX3k+XM/jLmDFYE4jF/TosFSPyxl5APjIZdrA==",
      "dependencies": {
        "ton3-core": "^0.0.19"
      }
    },
    "node_modules/ton3-core": {
      "version": "0.0.19",
      "resolved": "https://registry.npmjs.org/ton3-core/-/ton3-core-0.0.19.tgz",
      "integrity": "sha512-mntd6usJDhMq6WLMK2jVDl5t+DkpKwZROSuTNoIFn2Dhon9B3nc3pzepmNEu+npO/N0oqMUwfnqiEKXA5vxHWg==",
      "dependencies": {
        "@noble/hashes": "1.1.2",
        "decimal.js": "10.3.1",
        "tweetnacl": "1.0.3"
      }
    },
    "node_modules/ton3-providers": {
      "version": "0.0.9",
      "resolved": "https://registry.npmjs.org/ton3-providers/-/ton3-providers-0.0.9.tgz",
      "integrity": "sha512-RMYAqlUR2aJSw08imKIpNyyT6/QI9MdMt/WRNzON25dwnkSGO1CqoO1DjZfdhefT0VwrFKlrrcZ9B1yvi3/Vhw==",
      "dependencies": {
        "axios": "^0.25.0",
        "openapi-client-axios": "^5.1.2"
      }
    },
    "node_modules/tweetnacl": {
      "version": "1.0.3",
      "resolved": "https://registry.npmjs.org/tweetnacl/-/tweetnacl-1.0.3.tgz",
      "integrity": "sha512-6rt+RN7aOi1nGMyC4Xa5DdYiukl2UWCbcJft7YhxReBGQD7OAM8Pbxw6YMo4r2diNEA8FEmu32YOn9rhaiE5yw=="
    },
    "node_modules/typescript": {
      "version": "4.9.4",
      "resolved": "https://registry.npmjs.org/typescript/-/typescript-4.9.4.tgz",
      "integrity": "sha512-Uz+dTXYzxXXbsFpM86Wh3dKCxrQqUcVMxwU54orwlJjOpO3ao8L7j5lH+dWfTwgCwIuM9GQ2kvVotzYJMXTBZg==",
      "dev": true,
      "bin": {
        "tsc": "bin/tsc",
        "tsserver": "bin/tsserver"
      },
      "engines": {
        "node": ">=4.2.0"
      }
    }
  },
  "dependencies": {
    "@apidevtools/json-schema-ref-parser": {
      "version": "9.1.0",
      "resolved": "https://registry.npmjs.org/@apidevtools/json-schema-ref-parser/-/json-schema-ref-parser-9.1.0.tgz",
      "integrity": "sha512-teB30tFooE3iQs2HQIKJ02D8UZA1Xy1zaczzhUjJs0CymYxeC0g+y5rCY2p8NHBM6DBUVoR8rSM4kHLj1WE9mQ==",
      "requires": {
        "@jsdevtools/ono": "^7.1.3",
        "@types/json-schema": "^7.0.6",
        "call-me-maybe": "^1.0.1",
        "js-yaml": "^4.1.0"
      }
    },
    "@jsdevtools/ono": {
      "version": "7.1.3",
      "resolved": "https://registry.npmjs.org/@jsdevtools/ono/-/ono-7.1.3.tgz",
      "integrity": "sha512-4JQNk+3mVzK3xh2rqd6RB4J46qUR19azEHBneZyTZM+c456qOrbbM/5xcR8huNCCcbVt7+UmizG6GuUvPvKUYg=="
    },
    "@noble/hashes": {
      "version": "1.1.2",
      "resolved": "https://registry.npmjs.org/@noble/hashes/-/hashes-1.1.2.tgz",
      "integrity": "sha512-KYRCASVTv6aeUi1tsF8/vpyR7zpfs3FUzy2Jqm+MU+LmUKhQ0y2FpfwqkCcxSg2ua4GALJd8k2R76WxwZGbQpA=="
    },
    "@types/json-schema": {
      "version": "7.0.11",
      "resolved": "https://registry.npmjs.org/@types/json-schema/-/json-schema-7.0.11.tgz",
      "integrity": "sha512-wOuvG1SN4Us4rez+tylwwwCV1psiNVOkJeM3AUWUNWg/jDQY2+HE/444y5gc+jBmRqASOm2Oeh5c1axHobwRKQ=="
    },
    "@types/node": {
      "version": "18.11.11",
      "resolved": "https://registry.npmjs.org/@types/node/-/node-18.11.11.tgz",
      "integrity": "sha512-KJ021B1nlQUBLopzZmPBVuGU9un7WJd/W4ya7Ih02B4Uwky5Nja0yGYav2EfYIk0RR2Q9oVhf60S2XR1BCWJ2g==",
      "dev": true
    },
    "argparse": {
      "version": "2.0.1",
      "resolved": "https://registry.npmjs.org/argparse/-/argparse-2.0.1.tgz",
      "integrity": "sha512-8+9WqebbFzpX9OR+Wa6O29asIogeRMzcGtAINdpMHHyAg10f05aSFVBbcEqGf/PXw1EjAZ+q2/bEBg3DvurK3Q=="
    },
    "axios": {
      "version": "0.25.0",
      "resolved": "https://registry.npmjs.org/axios/-/axios-0.25.0.tgz",
      "integrity": "sha512-cD8FOb0tRH3uuEe6+evtAbgJtfxr7ly3fQjYcMcuPlgkwVS9xboaVIpcDV+cYQe+yGykgwZCs1pzjntcGa6l5g==",
      "requires": {
        "follow-redirects": "^1.14.7"
      }
    },
    "bath-es5": {
      "version": "3.0.3",
      "resolved": "https://registry.npmjs.org/bath-es5/-/bath-es5-3.0.3.tgz",
      "integrity": "sha512-PdCioDToH3t84lP40kUFCKWCOCH389Dl1kbC8FGoqOwamxsmqxxnJSXdkTOsPoNHXjem4+sJ+bbNoQm5zeCqxg=="
    },
    "call-me-maybe": {
      "version": "1.0.2",
      "resolved": "https://registry.npmjs.org/call-me-maybe/-/call-me-maybe-1.0.2.tgz",
      "integrity": "sha512-HpX65o1Hnr9HH25ojC1YGs7HCQLq0GCOibSaWER0eNpgJ/Z1MZv2mTc7+xh6WOPxbRVcmgbv4hGU+uSQ/2xFZQ=="
    },
    "copy-anything": {
      "version": "3.0.3",
      "resolved": "https://registry.npmjs.org/copy-anything/-/copy-anything-3.0.3.tgz",
      "integrity": "sha512-fpW2W/BqEzqPp29QS+MwwfisHCQZtiduTe/m8idFo0xbti9fIZ2WVhAsCv4ggFVH3AgCkVdpoOCtQC6gBrdhjw==",
      "requires": {
        "is-what": "^4.1.8"
      }
    },
    "decimal.js": {
      "version": "10.3.1",
      "resolved": "https://registry.npmjs.org/decimal.js/-/decimal.js-10.3.1.tgz",
      "integrity": "sha512-V0pfhfr8suzyPGOx3nmq4aHqabehUZn6Ch9kyFpV79TGDTWFmHqUqXdabR7QHqxzrYolF4+tVmJhUG4OURg5dQ=="
    },
    "dotenv": {
      "version": "16.0.3",
      "resolved": "https://registry.npmjs.org/dotenv/-/dotenv-16.0.3.tgz",
      "integrity": "sha512-7GO6HghkA5fYG9TYnNxi14/7K9f5occMlp3zXAuSxn7CKCxt9xbNWG7yF8hTCSUchlfWSe3uLmlPfigevRItzQ=="
    },
    "follow-redirects": {
      "version": "1.15.2",
      "resolved": "https://registry.npmjs.org/follow-redirects/-/follow-redirects-1.15.2.tgz",
      "integrity": "sha512-VQLG33o04KaQ8uYi2tVNbdrWp1QWxNNea+nmIB4EVM28v0hmP17z7aG1+wAkNzVq4KeXTq3221ye5qTJP91JwA=="
    },
    "is-what": {
      "version": "4.1.8",
      "resolved": "https://registry.npmjs.org/is-what/-/is-what-4.1.8.tgz",
      "integrity": "sha512-yq8gMao5upkPoGEU9LsB2P+K3Kt8Q3fQFCGyNCWOAnJAMzEXVV9drYb0TXr42TTliLLhKIBvulgAXgtLLnwzGA=="
    },
    "js-yaml": {
      "version": "4.1.0",
      "resolved": "https://registry.npmjs.org/js-yaml/-/js-yaml-4.1.0.tgz",
      "integrity": "sha512-wpxZs9NoxZaJESJGIZTyDEaYpl0FKSA+FB9aJiyemKhMwkxQg63h4T1KJgUGHpTqPDNRcmmYLugrRjJlBtWvRA==",
      "requires": {
        "argparse": "^2.0.1"
      }
    },
    "openapi-client-axios": {
      "version": "5.3.1",
      "resolved": "https://registry.npmjs.org/openapi-client-axios/-/openapi-client-axios-5.3.1.tgz",
      "integrity": "sha512-mQl3P1r58Hl+JKLFy7/L4ImibtajdfxOd/LC7Tr7hYL0icBTBLfF6AktcqO8hl4iNRiIavsDaxyNiQq2zqILGA==",
      "requires": {
        "@apidevtools/json-schema-ref-parser": "^9.0.7",
        "bath-es5": "^3.0.3",
        "copy-anything": "^3.0.2",
        "openapi-types": "^12.0.2"
      }
    },
    "openapi-types": {
      "version": "12.0.2",
      "resolved": "https://registry.npmjs.org/openapi-types/-/openapi-types-12.0.2.tgz",
      "integrity": "sha512-GuTo7FyZjOIWVhIhQSWJVaws6A82sWIGyQogxxYBYKZ0NBdyP2CYSIgOwFfSB+UVoPExk/YzFpyYitHS8KVZtA=="
    },
    "ton3-contracts": {
      "version": "0.0.17",
      "resolved": "https://registry.npmjs.org/ton3-contracts/-/ton3-contracts-0.0.17.tgz",
      "integrity": "sha512-7B3Hgt1TMQGwVjt9/N5r0RuiJWtLkY5NHie62eLtQrsoWIwE5cX3k+XM/jLmDFYE4jF/TosFSPyxl5APjIZdrA==",
      "requires": {
        "ton3-core": "^0.0.19"
      }
    },
    "ton3-core": {
      "version": "0.0.19",
      "resolved": "https://registry.npmjs.org/ton3-core/-/ton3-core-0.0.19.tgz",
      "integrity": "sha512-mntd6usJDhMq6WLMK2jVDl5t+DkpKwZROSuTNoIFn2Dhon9B3nc3pzepmNEu+npO/N0oqMUwfnqiEKXA5vxHWg==",
      "requires": {
        "@noble/hashes": "1.1.2",
        "decimal.js": "10.3.1",
        "tweetnacl": "1.0.3"
      }
    },
    "ton3-providers": {
      "version": "0.0.9",
      "resolved": "https://registry.npmjs.org/ton3-providers/-/ton3-providers-0.0.9.tgz",
      "integrity": "sha512-RMYAqlUR2aJSw08imKIpNyyT6/QI9MdMt/WRNzON25dwnkSGO1CqoO1DjZfdhefT0VwrFKlrrcZ9B1yvi3/Vhw==",
      "requires": {
        "axios": "^0.25.0",
        "openapi-client-axios": "^5.1.2"
      }
    },
    "tweetnacl": {
      "version": "1.0.3",
      "resolved": "https://registry.npmjs.org/tweetnacl/-/tweetnacl-1.0.3.tgz",
      "integrity": "sha512-6rt+RN7aOi1nGMyC4Xa5DdYiukl2UWCbcJft7YhxReBGQD7OAM8Pbxw6YMo4r2diNEA8FEmu32YOn9rhaiE5yw=="
    },
    "typescript": {
      "version": "4.9.4",
      "resolved": "https://registry.npmjs.org/typescript/-/typescript-4.9.4.tgz",
      "integrity": "sha512-Uz+dTXYzxXXbsFpM86Wh3dKCxrQqUcVMxwU54orwlJjOpO3ao8L7j5lH+dWfTwgCwIuM9GQ2kvVotzYJMXTBZg==",
      "dev": true
    }
  }
}
